github.com/tendze/gRPC_AuthService v0.0.0-20240418202851-1150bcbe9c99 h1:x3R8VcbNp/xUQ99uqpTRGRlJGpj8TQFfA5iAZ9hFQHY=
github.com/tendze/gRPC_AuthService v0.0.0-20240418202851-1150bcbe9c99/go.mod h1:REwHbku8g0aURGscbQI+dV6Yhgt7fx6WSU7Q2M4URno=
github.com/tendze/gRPC_AuthService v0.0.1 h1:mYR/eZVro2E8scq0wflIpNucpOpSbt8eHK8G6La+VvY=
github.com/tendze/gRPC_AuthService v0.0.1/go.mod h1:REwHbku8g0aURGscbQI+dV6Yhgt7fx6WSU7Q2M4URno=
